
Microsoft Visual Studio Solution File, Format Version 12.00
Project("{2150E333-8FDC-42A3-9474-1A3956D46DE8}") = "Conditional Statements Advanced-Lab", "Conditional Statements Advanced-Lab", "{BD9CCE1B-5952-4923-A609-584C3DF138AE}"
EndProject
Project("{FAE04EC0-301F-11D3-BF4B-00C04F79EFBC}") = "DayOfWeek", "DayOfWeek\DayOfWeek.csproj", "{2827A02F-42CF-41B9-AAE3-CD778D5C4386}"
EndProject
Project("{FAE04EC0-301F-11D3-BF4B-00C04F79EFBC}") = "WeekendOrWorkingDay", "WeekendOrWorkingDay\WeekendOrWorkingDay.csproj", "{AC3FAA60-C789-4A17-A950-F50DC5F06A7B}"
EndProject
Project("{FAE04EC0-301F-11D3-BF4B-00C04F79EFBC}") = "AnimalType", "AnimalType\AnimalType.csproj", "{28B94A84-E6A5-445F-BCAA-54342C461FE5}"
EndProject
Project("{FAE04EC0-301F-11D3-BF4B-00C04F79EFBC}") = "PersonalTitles", "PersonalTitles\PersonalTitles.csproj", "{0490EB58-AD93-45FE-B3EA-972056ADD376}"
EndProject
Project("{FAE04EC0-301F-11D3-BF4B-00C04F79EFBC}") = "SmallShop", "SmallShop\SmallShop.csproj", "{38E58D42-DAA2-465A-BC1E-ED9D499AB855}"
EndProject
Project("{FAE04EC0-301F-11D3-BF4B-00C04F79EFBC}") = "NumberInRange", "NumberInRange\NumberInRange.csproj", "{AA3C2F61-ECA1-4DE6-AFD1-8F0EE1E44BF5}"
EndProject
Project("{FAE04EC0-301F-11D3-BF4B-00C04F79EFBC}") = "WorkingHours", "WorkingHours\WorkingHours.csproj", "{C8C6D24A-66B0-40A0-88B6-35256DE77546}"
EndProject
Project("{FAE04EC0-301F-11D3-BF4B-00C04F79EFBC}") = "CinemaTicket", "CinemaTicket\CinemaTicket.csproj", "{6E8F8F2E-08D3-43AF-8160-35917B785FB1}"
EndProject
Project("{FAE04EC0-301F-11D3-BF4B-00C04F79EFBC}") = "FruitOrVeggie", "FruitOrVeggie\FruitOrVeggie.csproj", "{2E4F3120-0ADF-47C4-BAC5-89FCA459B77E}"
EndProject
Project("{FAE04EC0-301F-11D3-BF4B-00C04F79EFBC}") = "InvalidNumber", "InvalidNumber\InvalidNumber.csproj", "{D7D7C4CE-24C0-402C-8DA9-F99378C69A74}"
EndProject
Project("{FAE04EC0-301F-11D3-BF4B-00C04F79EFBC}") = "FruitShop", "FruitShop\FruitShop.csproj", "{A6559BC1-F671-4AB8-A2F1-0EEAB5B7DE41}"
EndProject
Project("{FAE04EC0-301F-11D3-BF4B-00C04F79EFBC}") = "TradeCommissions", "TradeCommissions\TradeCommissions.csproj", "{D30C69A9-0A88-4E98-B358-D9F8CF58FFA2}"
EndProject
Project("{2150E333-8FDC-42A3-9474-1A3956D46DE8}") = "Conditional Statements Advanced - Exercise", "Conditional Statements Advanced - Exercise", "{604C0272-25C5-44FC-8D5E-6CE441788B21}"
EndProject
Project("{FAE04EC0-301F-11D3-BF4B-00C04F79EFBC}") = "Cinema", "Cinema\Cinema.csproj", "{76A8E1E0-1F90-4F13-B2CE-2BB93A0D5466}"
EndProject
Project("{FAE04EC0-301F-11D3-BF4B-00C04F79EFBC}") = "SummerOutfit", "SummerOutfit\SummerOutfit.csproj", "{CF19F20C-A6C5-4B03-B3A0-29D368F5B6F7}"
EndProject
Project("{FAE04EC0-301F-11D3-BF4B-00C04F79EFBC}") = "NewHouse", "NewHouse\NewHouse.csproj", "{A3818365-8232-4C2D-93EE-C4F135D2F928}"
EndProject
Project("{FAE04EC0-301F-11D3-BF4B-00C04F79EFBC}") = "FishingBoat", "FishingBoat\FishingBoat.csproj", "{22DB970C-1EE1-464A-B268-EDBE00F97642}"
EndProject
Project("{FAE04EC0-301F-11D3-BF4B-00C04F79EFBC}") = "Journey", "Journey\Journey.csproj", "{A847E023-E431-4201-9167-8EDE211DEB94}"
EndProject
Project("{FAE04EC0-301F-11D3-BF4B-00C04F79EFBC}") = "OperationsBetweenOperators", "OperationsBetweenOperators\OperationsBetweenOperators.csproj", "{D8FB7F23-5BEE-46D2-A5B5-C3A6688F2C76}"
EndProject
Project("{FAE04EC0-301F-11D3-BF4B-00C04F79EFBC}") = "HotelRoom", "HotelRoom\HotelRoom.csproj", "{0F21FC82-0294-4D38-B8B1-EEF6BF8B36E0}"
EndProject
Project("{FAE04EC0-301F-11D3-BF4B-00C04F79EFBC}") = "OnTimeForExam", "OnTimeForExam\OnTimeForExam.csproj", "{6066D922-2714-4160-A703-72088B29708E}"
EndProject
Project("{FAE04EC0-301F-11D3-BF4B-00C04F79EFBC}") = "SkiTrip", "SkiTrip\SkiTrip.csproj", "{70D9AE41-17D2-4501-995D-EAECF52F2201}"
EndProject
Global
	GlobalSection(SolutionConfigurationPlatforms) = preSolution
		Debug|Any CPU = Debug|Any CPU
		Release|Any CPU = Release|Any CPU
	EndGlobalSection
	GlobalSection(ProjectConfigurationPlatforms) = postSolution
		{2827A02F-42CF-41B9-AAE3-CD778D5C4386}.Debug|Any CPU.ActiveCfg = Debug|Any CPU
		{2827A02F-42CF-41B9-AAE3-CD778D5C4386}.Debug|Any CPU.Build.0 = Debug|Any CPU
		{2827A02F-42CF-41B9-AAE3-CD778D5C4386}.Release|Any CPU.ActiveCfg = Release|Any CPU
		{2827A02F-42CF-41B9-AAE3-CD778D5C4386}.Release|Any CPU.Build.0 = Release|Any CPU
		{AC3FAA60-C789-4A17-A950-F50DC5F06A7B}.Debug|Any CPU.ActiveCfg = Debug|Any CPU
		{AC3FAA60-C789-4A17-A950-F50DC5F06A7B}.Debug|Any CPU.Build.0 = Debug|Any CPU
		{AC3FAA60-C789-4A17-A950-F50DC5F06A7B}.Release|Any CPU.ActiveCfg = Release|Any CPU
		{AC3FAA60-C789-4A17-A950-F50DC5F06A7B}.Release|Any CPU.Build.0 = Release|Any CPU
		{28B94A84-E6A5-445F-BCAA-54342C461FE5}.Debug|Any CPU.ActiveCfg = Debug|Any CPU
		{28B94A84-E6A5-445F-BCAA-54342C461FE5}.Debug|Any CPU.Build.0 = Debug|Any CPU
		{28B94A84-E6A5-445F-BCAA-54342C461FE5}.Release|Any CPU.ActiveCfg = Release|Any CPU
		{28B94A84-E6A5-445F-BCAA-54342C461FE5}.Release|Any CPU.Build.0 = Release|Any CPU
		{0490EB58-AD93-45FE-B3EA-972056ADD376}.Debug|Any CPU.ActiveCfg = Debug|Any CPU
		{0490EB58-AD93-45FE-B3EA-972056ADD376}.Debug|Any CPU.Build.0 = Debug|Any CPU
		{0490EB58-AD93-45FE-B3EA-972056ADD376}.Release|Any CPU.ActiveCfg = Release|Any CPU
		{0490EB58-AD93-45FE-B3EA-972056ADD376}.Release|Any CPU.Build.0 = Release|Any CPU
		{38E58D42-DAA2-465A-BC1E-ED9D499AB855}.Debug|Any CPU.ActiveCfg = Debug|Any CPU
		{38E58D42-DAA2-465A-BC1E-ED9D499AB855}.Debug|Any CPU.Build.0 = Debug|Any CPU
		{38E58D42-DAA2-465A-BC1E-ED9D499AB855}.Release|Any CPU.ActiveCfg = Release|Any CPU
		{38E58D42-DAA2-465A-BC1E-ED9D499AB855}.Release|Any CPU.Build.0 = Release|Any CPU
		{AA3C2F61-ECA1-4DE6-AFD1-8F0EE1E44BF5}.Debug|Any CPU.ActiveCfg = Debug|Any CPU
		{AA3C2F61-ECA1-4DE6-AFD1-8F0EE1E44BF5}.Debug|Any CPU.Build.0 = Debug|Any CPU
		{AA3C2F61-ECA1-4DE6-AFD1-8F0EE1E44BF5}.Release|Any CPU.ActiveCfg = Release|Any CPU
		{AA3C2F61-ECA1-4DE6-AFD1-8F0EE1E44BF5}.Release|Any CPU.Build.0 = Release|Any CPU
		{C8C6D24A-66B0-40A0-88B6-35256DE77546}.Debug|Any CPU.ActiveCfg = Debug|Any CPU
		{C8C6D24A-66B0-40A0-88B6-35256DE77546}.Debug|Any CPU.Build.0 = Debug|Any CPU
		{C8C6D24A-66B0-40A0-88B6-35256DE77546}.Release|Any CPU.ActiveCfg = Release|Any CPU
		{C8C6D24A-66B0-40A0-88B6-35256DE77546}.Release|Any CPU.Build.0 = Release|Any CPU
		{6E8F8F2E-08D3-43AF-8160-35917B785FB1}.Debug|Any CPU.ActiveCfg = Debug|Any CPU
		{6E8F8F2E-08D3-43AF-8160-35917B785FB1}.Debug|Any CPU.Build.0 = Debug|Any CPU
		{6E8F8F2E-08D3-43AF-8160-35917B785FB1}.Release|Any CPU.ActiveCfg = Release|Any CPU
		{6E8F8F2E-08D3-43AF-8160-35917B785FB1}.Release|Any CPU.Build.0 = Release|Any CPU
		{2E4F3120-0ADF-47C4-BAC5-89FCA459B77E}.Debug|Any CPU.ActiveCfg = Debug|Any CPU
		{2E4F3120-0ADF-47C4-BAC5-89FCA459B77E}.Debug|Any CPU.Build.0 = Debug|Any CPU
		{2E4F3120-0ADF-47C4-BAC5-89FCA459B77E}.Release|Any CPU.ActiveCfg = Release|Any CPU
		{2E4F3120-0ADF-47C4-BAC5-89FCA459B77E}.Release|Any CPU.Build.0 = Release|Any CPU
		{D7D7C4CE-24C0-402C-8DA9-F99378C69A74}.Debug|Any CPU.ActiveCfg = Debug|Any CPU
		{D7D7C4CE-24C0-402C-8DA9-F99378C69A74}.Debug|Any CPU.Build.0 = Debug|Any CPU
		{D7D7C4CE-24C0-402C-8DA9-F99378C69A74}.Release|Any CPU.ActiveCfg = Release|Any CPU
		{D7D7C4CE-24C0-402C-8DA9-F99378C69A74}.Release|Any CPU.Build.0 = Release|Any CPU
		{A6559BC1-F671-4AB8-A2F1-0EEAB5B7DE41}.Debug|Any CPU.ActiveCfg = Debug|Any CPU
		{A6559BC1-F671-4AB8-A2F1-0EEAB5B7DE41}.Debug|Any CPU.Build.0 = Debug|Any CPU
		{A6559BC1-F671-4AB8-A2F1-0EEAB5B7DE41}.Release|Any CPU.ActiveCfg = Release|Any CPU
		{A6559BC1-F671-4AB8-A2F1-0EEAB5B7DE41}.Release|Any CPU.Build.0 = Release|Any CPU
		{D30C69A9-0A88-4E98-B358-D9F8CF58FFA2}.Debug|Any CPU.ActiveCfg = Debug|Any CPU
		{D30C69A9-0A88-4E98-B358-D9F8CF58FFA2}.Debug|Any CPU.Build.0 = Debug|Any CPU
		{D30C69A9-0A88-4E98-B358-D9F8CF58FFA2}.Release|Any CPU.ActiveCfg = Release|Any CPU
		{D30C69A9-0A88-4E98-B358-D9F8CF58FFA2}.Release|Any CPU.Build.0 = Release|Any CPU
		{76A8E1E0-1F90-4F13-B2CE-2BB93A0D5466}.Debug|Any CPU.ActiveCfg = Debug|Any CPU
		{76A8E1E0-1F90-4F13-B2CE-2BB93A0D5466}.Debug|Any CPU.Build.0 = Debug|Any CPU
		{76A8E1E0-1F90-4F13-B2CE-2BB93A0D5466}.Release|Any CPU.ActiveCfg = Release|Any CPU
		{76A8E1E0-1F90-4F13-B2CE-2BB93A0D5466}.Release|Any CPU.Build.0 = Release|Any CPU
		{CF19F20C-A6C5-4B03-B3A0-29D368F5B6F7}.Debug|Any CPU.ActiveCfg = Debug|Any CPU
		{CF19F20C-A6C5-4B03-B3A0-29D368F5B6F7}.Debug|Any CPU.Build.0 = Debug|Any CPU
		{CF19F20C-A6C5-4B03-B3A0-29D368F5B6F7}.Release|Any CPU.ActiveCfg = Release|Any CPU
		{CF19F20C-A6C5-4B03-B3A0-29D368F5B6F7}.Release|Any CPU.Build.0 = Release|Any CPU
		{A3818365-8232-4C2D-93EE-C4F135D2F928}.Debug|Any CPU.ActiveCfg = Debug|Any CPU
		{A3818365-8232-4C2D-93EE-C4F135D2F928}.Debug|Any CPU.Build.0 = Debug|Any CPU
		{A3818365-8232-4C2D-93EE-C4F135D2F928}.Release|Any CPU.ActiveCfg = Release|Any CPU
		{A3818365-8232-4C2D-93EE-C4F135D2F928}.Release|Any CPU.Build.0 = Release|Any CPU
		{22DB970C-1EE1-464A-B268-EDBE00F97642}.Debug|Any CPU.ActiveCfg = Debug|Any CPU
		{22DB970C-1EE1-464A-B268-EDBE00F97642}.Debug|Any CPU.Build.0 = Debug|Any CPU
		{22DB970C-1EE1-464A-B268-EDBE00F97642}.Release|Any CPU.ActiveCfg = Release|Any CPU
		{22DB970C-1EE1-464A-B268-EDBE00F97642}.Release|Any CPU.Build.0 = Release|Any CPU
		{A847E023-E431-4201-9167-8EDE211DEB94}.Debug|Any CPU.ActiveCfg = Debug|Any CPU
		{A847E023-E431-4201-9167-8EDE211DEB94}.Debug|Any CPU.Build.0 = Debug|Any CPU
		{A847E023-E431-4201-9167-8EDE211DEB94}.Release|Any CPU.ActiveCfg = Release|Any CPU
		{A847E023-E431-4201-9167-8EDE211DEB94}.Release|Any CPU.Build.0 = Release|Any CPU
		{D8FB7F23-5BEE-46D2-A5B5-C3A6688F2C76}.Debug|Any CPU.ActiveCfg = Debug|Any CPU
		{D8FB7F23-5BEE-46D2-A5B5-C3A6688F2C76}.Debug|Any CPU.Build.0 = Debug|Any CPU
		{D8FB7F23-5BEE-46D2-A5B5-C3A6688F2C76}.Release|Any CPU.ActiveCfg = Release|Any CPU
		{D8FB7F23-5BEE-46D2-A5B5-C3A6688F2C76}.Release|Any CPU.Build.0 = Release|Any CPU
		{0F21FC82-0294-4D38-B8B1-EEF6BF8B36E0}.Debug|Any CPU.ActiveCfg = Debug|Any CPU
		{0F21FC82-0294-4D38-B8B1-EEF6BF8B36E0}.Debug|Any CPU.Build.0 = Debug|Any CPU
		{0F21FC82-0294-4D38-B8B1-EEF6BF8B36E0}.Release|Any CPU.ActiveCfg = Release|Any CPU
		{0F21FC82-0294-4D38-B8B1-EEF6BF8B36E0}.Release|Any CPU.Build.0 = Release|Any CPU
		{6066D922-2714-4160-A703-72088B29708E}.Debug|Any CPU.ActiveCfg = Debug|Any CPU
		{6066D922-2714-4160-A703-72088B29708E}.Debug|Any CPU.Build.0 = Debug|Any CPU
		{6066D922-2714-4160-A703-72088B29708E}.Release|Any CPU.ActiveCfg = Release|Any CPU
		{6066D922-2714-4160-A703-72088B29708E}.Release|Any CPU.Build.0 = Release|Any CPU
		{70D9AE41-17D2-4501-995D-EAECF52F2201}.Debug|Any CPU.ActiveCfg = Debug|Any CPU
		{70D9AE41-17D2-4501-995D-EAECF52F2201}.Debug|Any CPU.Build.0 = Debug|Any CPU
		{70D9AE41-17D2-4501-995D-EAECF52F2201}.Release|Any CPU.ActiveCfg = Release|Any CPU
		{70D9AE41-17D2-4501-995D-EAECF52F2201}.Release|Any CPU.Build.0 = Release|Any CPU
	EndGlobalSection
	GlobalSection(NestedProjects) = preSolution
		{2827A02F-42CF-41B9-AAE3-CD778D5C4386} = {BD9CCE1B-5952-4923-A609-584C3DF138AE}
		{AC3FAA60-C789-4A17-A950-F50DC5F06A7B} = {BD9CCE1B-5952-4923-A609-584C3DF138AE}
		{28B94A84-E6A5-445F-BCAA-54342C461FE5} = {BD9CCE1B-5952-4923-A609-584C3DF138AE}
		{0490EB58-AD93-45FE-B3EA-972056ADD376} = {BD9CCE1B-5952-4923-A609-584C3DF138AE}
		{38E58D42-DAA2-465A-BC1E-ED9D499AB855} = {BD9CCE1B-5952-4923-A609-584C3DF138AE}
		{AA3C2F61-ECA1-4DE6-AFD1-8F0EE1E44BF5} = {BD9CCE1B-5952-4923-A609-584C3DF138AE}
		{C8C6D24A-66B0-40A0-88B6-35256DE77546} = {BD9CCE1B-5952-4923-A609-584C3DF138AE}
		{6E8F8F2E-08D3-43AF-8160-35917B785FB1} = {BD9CCE1B-5952-4923-A609-584C3DF138AE}
		{2E4F3120-0ADF-47C4-BAC5-89FCA459B77E} = {BD9CCE1B-5952-4923-A609-584C3DF138AE}
		{D7D7C4CE-24C0-402C-8DA9-F99378C69A74} = {BD9CCE1B-5952-4923-A609-584C3DF138AE}
		{A6559BC1-F671-4AB8-A2F1-0EEAB5B7DE41} = {BD9CCE1B-5952-4923-A609-584C3DF138AE}
		{D30C69A9-0A88-4E98-B358-D9F8CF58FFA2} = {BD9CCE1B-5952-4923-A609-584C3DF138AE}
		{76A8E1E0-1F90-4F13-B2CE-2BB93A0D5466} = {604C0272-25C5-44FC-8D5E-6CE441788B21}
		{CF19F20C-A6C5-4B03-B3A0-29D368F5B6F7} = {604C0272-25C5-44FC-8D5E-6CE441788B21}
		{A3818365-8232-4C2D-93EE-C4F135D2F928} = {604C0272-25C5-44FC-8D5E-6CE441788B21}
		{22DB970C-1EE1-464A-B268-EDBE00F97642} = {604C0272-25C5-44FC-8D5E-6CE441788B21}
		{A847E023-E431-4201-9167-8EDE211DEB94} = {604C0272-25C5-44FC-8D5E-6CE441788B21}
		{D8FB7F23-5BEE-46D2-A5B5-C3A6688F2C76} = {604C0272-25C5-44FC-8D5E-6CE441788B21}
		{0F21FC82-0294-4D38-B8B1-EEF6BF8B36E0} = {604C0272-25C5-44FC-8D5E-6CE441788B21}
		{6066D922-2714-4160-A703-72088B29708E} = {604C0272-25C5-44FC-8D5E-6CE441788B21}
		{70D9AE41-17D2-4501-995D-EAECF52F2201} = {604C0272-25C5-44FC-8D5E-6CE441788B21}
	EndGlobalSection
EndGlobal
